
Microsoft Visual Studio Solution File, Format Version 11.00
# Visual Studio 2010
Project("{FAE04EC0-301F-11D3-BF4B-00C04F79EFBC}") = "Test", "Test\Test.csproj", "{15CDA82C-190F-4335-B721-F896B67D0B89}"
EndProject
Project("{FAE04EC0-301F-11D3-BF4B-00C04F79EFBC}") = "Test1", "Test1\Test1.csproj", "{612ADB54-195B-415C-A027-17974A72903D}"
EndProject
Project("{FAE04EC0-301F-11D3-BF4B-00C04F79EFBC}") = "Test2", "Test2\Test2.csproj", "{6E95A3D6-875D-44AC-A288-3B4F378067AC}"
EndProject
Project("{FAE04EC0-301F-11D3-BF4B-00C04F79EFBC}") = "XMLTest", "Test5\XMLTest.csproj", "{39500D85-D364-42BE-96D4-06FAD60E53C2}"
EndProject
Project("{FAE04EC0-301F-11D3-BF4B-00C04F79EFBC}") = "Test7", "Test7\Test7.csproj", "{9DA6A6E4-0034-4DEA-BB65-4769389D5C97}"
EndProject
Project("{FAE04EC0-301F-11D3-BF4B-00C04F79EFBC}") = "Test8", "Test8\Test8.csproj", "{1D6108C5-0E06-4FBA-B685-695ED90A081F}"
EndProject
Project("{FAE04EC0-301F-11D3-BF4B-00C04F79EFBC}") = "Test9", "Test9\Test9.csproj", "{1B29FA42-D795-47D3-AAD6-6A9272ED4687}"
EndProject
Project("{FAE04EC0-301F-11D3-BF4B-00C04F79EFBC}") = "Test10", "Test10\Test10.csproj", "{C85880F2-38CB-40A5-A865-AC5139892250}"
EndProject
Project("{FAE04EC0-301F-11D3-BF4B-00C04F79EFBC}") = "Test11", "Test11\Test11.csproj", "{4E156097-B3C1-4636-B20A-897F38747A56}"
EndProject
Project("{FAE04EC0-301F-11D3-BF4B-00C04F79EFBC}") = "Test12", "Test12\Test12.csproj", "{0B3B5C68-2836-4817-817F-2EC278A26396}"
EndProject
Project("{FAE04EC0-301F-11D3-BF4B-00C04F79EFBC}") = "Test13", "Test13\Test13.csproj", "{4DBCF830-8BA3-4CE3-A7CE-AC190E977C29}"
EndProject
Project("{FAE04EC0-301F-11D3-BF4B-00C04F79EFBC}") = "AutoSize", "AutoSize\AutoSize.csproj", "{9C8EBF5E-3602-450D-A4E0-6B75C00DDAB1}"
EndProject
Project("{FAE04EC0-301F-11D3-BF4B-00C04F79EFBC}") = "LogTest", "LogTest\LogTest.csproj", "{078959D2-5C41-44DF-814B-E139687FEE93}"
EndProject
Project("{FAE04EC0-301F-11D3-BF4B-00C04F79EFBC}") = "ImageTest", "ImageTest\ImageTest.csproj", "{CB7908C5-0E14-4B40-99FD-294172E2F0D3}"
EndProject
Project("{FAE04EC0-301F-11D3-BF4B-00C04F79EFBC}") = "DataBase", "DataBase\DataBase.csproj", "{8217BE30-A903-4667-9D6A-BDA86613756F}"
EndProject
Project("{FAE04EC0-301F-11D3-BF4B-00C04F79EFBC}") = "ConvertTest", "Convert\ConvertTest.csproj", "{D3DACFC8-2269-42BE-98D7-4256F4637630}"
EndProject
Project("{FAE04EC0-301F-11D3-BF4B-00C04F79EFBC}") = "Test14", "Test14\Test14.csproj", "{54C2F9BC-EBD1-4687-99A1-58A3B6F4B4B6}"
EndProject
Project("{FAE04EC0-301F-11D3-BF4B-00C04F79EFBC}") = "LinqTest", "LinqTest\LinqTest.csproj", "{63D5B686-D604-4E45-A5BB-5E9B480EFC20}"
EndProject
Project("{FAE04EC0-301F-11D3-BF4B-00C04F79EFBC}") = "SqlHelper", "SqlHelper\SqlHelper.csproj", "{210BF236-9A24-42E2-A698-02D84C52ABAE}"
EndProject
Project("{FAE04EC0-301F-11D3-BF4B-00C04F79EFBC}") = "KeyPressTest", "KeyPressTest\KeyPressTest.csproj", "{BD1D3022-100E-4BA1-891E-0802B687DE25}"
EndProject
Project("{FAE04EC0-301F-11D3-BF4B-00C04F79EFBC}") = "NumberConvert", "NumberConvert\NumberConvert.csproj", "{442043F2-C925-4A8F-8339-84B83689718D}"
EndProject
Project("{FAE04EC0-301F-11D3-BF4B-00C04F79EFBC}") = "DrawImage", "DrawImage\DrawImage.csproj", "{ACFA3E93-BA2B-4E1B-AE50-E8361F97E317}"
EndProject
Project("{FAE04EC0-301F-11D3-BF4B-00C04F79EFBC}") = "DialogTest", "DialogTest\DialogTest.csproj", "{B0472CD6-9EB6-4A33-814E-2250BF12DAB9}"
EndProject
Project("{FAE04EC0-301F-11D3-BF4B-00C04F79EFBC}") = "EventTest", "EventTest\EventTest.csproj", "{C0F9F05C-99C9-41E8-9837-9377B8BC6827}"
EndProject
Project("{FAE04EC0-301F-11D3-BF4B-00C04F79EFBC}") = "DelegateAndEvent", "DelegateAndEvent\DelegateAndEvent.csproj", "{15B86117-5117-4F66-A6F0-CDFB2BBC04B2}"
EndProject
Global
	GlobalSection(SolutionConfigurationPlatforms) = preSolution
		Debug|x86 = Debug|x86
		Release|x86 = Release|x86
	EndGlobalSection
	GlobalSection(ProjectConfigurationPlatforms) = postSolution
		{15CDA82C-190F-4335-B721-F896B67D0B89}.Debug|x86.ActiveCfg = Debug|x86
		{15CDA82C-190F-4335-B721-F896B67D0B89}.Debug|x86.Build.0 = Debug|x86
		{15CDA82C-190F-4335-B721-F896B67D0B89}.Release|x86.ActiveCfg = Release|x86
		{15CDA82C-190F-4335-B721-F896B67D0B89}.Release|x86.Build.0 = Release|x86
		{612ADB54-195B-415C-A027-17974A72903D}.Debug|x86.ActiveCfg = Debug|x86
		{612ADB54-195B-415C-A027-17974A72903D}.Debug|x86.Build.0 = Debug|x86
		{612ADB54-195B-415C-A027-17974A72903D}.Release|x86.ActiveCfg = Release|x86
		{612ADB54-195B-415C-A027-17974A72903D}.Release|x86.Build.0 = Release|x86
		{6E95A3D6-875D-44AC-A288-3B4F378067AC}.Debug|x86.ActiveCfg = Debug|x86
		{6E95A3D6-875D-44AC-A288-3B4F378067AC}.Debug|x86.Build.0 = Debug|x86
		{6E95A3D6-875D-44AC-A288-3B4F378067AC}.Release|x86.ActiveCfg = Release|x86
		{6E95A3D6-875D-44AC-A288-3B4F378067AC}.Release|x86.Build.0 = Release|x86
		{39500D85-D364-42BE-96D4-06FAD60E53C2}.Debug|x86.ActiveCfg = Debug|x86
		{39500D85-D364-42BE-96D4-06FAD60E53C2}.Debug|x86.Build.0 = Debug|x86
		{39500D85-D364-42BE-96D4-06FAD60E53C2}.Release|x86.ActiveCfg = Release|x86
		{39500D85-D364-42BE-96D4-06FAD60E53C2}.Release|x86.Build.0 = Release|x86
		{9DA6A6E4-0034-4DEA-BB65-4769389D5C97}.Debug|x86.ActiveCfg = Debug|x86
		{9DA6A6E4-0034-4DEA-BB65-4769389D5C97}.Debug|x86.Build.0 = Debug|x86
		{9DA6A6E4-0034-4DEA-BB65-4769389D5C97}.Release|x86.ActiveCfg = Release|x86
		{9DA6A6E4-0034-4DEA-BB65-4769389D5C97}.Release|x86.Build.0 = Release|x86
		{1D6108C5-0E06-4FBA-B685-695ED90A081F}.Debug|x86.ActiveCfg = Debug|x86
		{1D6108C5-0E06-4FBA-B685-695ED90A081F}.Debug|x86.Build.0 = Debug|x86
		{1D6108C5-0E06-4FBA-B685-695ED90A081F}.Release|x86.ActiveCfg = Release|x86
		{1D6108C5-0E06-4FBA-B685-695ED90A081F}.Release|x86.Build.0 = Release|x86
		{1B29FA42-D795-47D3-AAD6-6A9272ED4687}.Debug|x86.ActiveCfg = Debug|x86
		{1B29FA42-D795-47D3-AAD6-6A9272ED4687}.Debug|x86.Build.0 = Debug|x86
		{1B29FA42-D795-47D3-AAD6-6A9272ED4687}.Release|x86.ActiveCfg = Release|x86
		{1B29FA42-D795-47D3-AAD6-6A9272ED4687}.Release|x86.Build.0 = Release|x86
		{C85880F2-38CB-40A5-A865-AC5139892250}.Debug|x86.ActiveCfg = Debug|x86
		{C85880F2-38CB-40A5-A865-AC5139892250}.Debug|x86.Build.0 = Debug|x86
		{C85880F2-38CB-40A5-A865-AC5139892250}.Release|x86.ActiveCfg = Release|x86
		{C85880F2-38CB-40A5-A865-AC5139892250}.Release|x86.Build.0 = Release|x86
		{4E156097-B3C1-4636-B20A-897F38747A56}.Debug|x86.ActiveCfg = Debug|x86
		{4E156097-B3C1-4636-B20A-897F38747A56}.Debug|x86.Build.0 = Debug|x86
		{4E156097-B3C1-4636-B20A-897F38747A56}.Release|x86.ActiveCfg = Release|x86
		{4E156097-B3C1-4636-B20A-897F38747A56}.Release|x86.Build.0 = Release|x86
		{0B3B5C68-2836-4817-817F-2EC278A26396}.Debug|x86.ActiveCfg = Debug|x86
		{0B3B5C68-2836-4817-817F-2EC278A26396}.Debug|x86.Build.0 = Debug|x86
		{0B3B5C68-2836-4817-817F-2EC278A26396}.Release|x86.ActiveCfg = Release|x86
		{0B3B5C68-2836-4817-817F-2EC278A26396}.Release|x86.Build.0 = Release|x86
		{4DBCF830-8BA3-4CE3-A7CE-AC190E977C29}.Debug|x86.ActiveCfg = Debug|x86
		{4DBCF830-8BA3-4CE3-A7CE-AC190E977C29}.Debug|x86.Build.0 = Debug|x86
		{4DBCF830-8BA3-4CE3-A7CE-AC190E977C29}.Release|x86.ActiveCfg = Release|x86
		{4DBCF830-8BA3-4CE3-A7CE-AC190E977C29}.Release|x86.Build.0 = Release|x86
		{9C8EBF5E-3602-450D-A4E0-6B75C00DDAB1}.Debug|x86.ActiveCfg = Debug|x86
		{9C8EBF5E-3602-450D-A4E0-6B75C00DDAB1}.Debug|x86.Build.0 = Debug|x86
		{9C8EBF5E-3602-450D-A4E0-6B75C00DDAB1}.Release|x86.ActiveCfg = Release|x86
		{9C8EBF5E-3602-450D-A4E0-6B75C00DDAB1}.Release|x86.Build.0 = Release|x86
		{078959D2-5C41-44DF-814B-E139687FEE93}.Debug|x86.ActiveCfg = Debug|x86
		{078959D2-5C41-44DF-814B-E139687FEE93}.Debug|x86.Build.0 = Debug|x86
		{078959D2-5C41-44DF-814B-E139687FEE93}.Release|x86.ActiveCfg = Release|x86
		{078959D2-5C41-44DF-814B-E139687FEE93}.Release|x86.Build.0 = Release|x86
		{CB7908C5-0E14-4B40-99FD-294172E2F0D3}.Debug|x86.ActiveCfg = Debug|x86
		{CB7908C5-0E14-4B40-99FD-294172E2F0D3}.Debug|x86.Build.0 = Debug|x86
		{CB7908C5-0E14-4B40-99FD-294172E2F0D3}.Release|x86.ActiveCfg = Release|x86
		{CB7908C5-0E14-4B40-99FD-294172E2F0D3}.Release|x86.Build.0 = Release|x86
		{8217BE30-A903-4667-9D6A-BDA86613756F}.Debug|x86.ActiveCfg = Debug|x86
		{8217BE30-A903-4667-9D6A-BDA86613756F}.Debug|x86.Build.0 = Debug|x86
		{8217BE30-A903-4667-9D6A-BDA86613756F}.Release|x86.ActiveCfg = Release|x86
		{8217BE30-A903-4667-9D6A-BDA86613756F}.Release|x86.Build.0 = Release|x86
		{D3DACFC8-2269-42BE-98D7-4256F4637630}.Debug|x86.ActiveCfg = Debug|x86
		{D3DACFC8-2269-42BE-98D7-4256F4637630}.Debug|x86.Build.0 = Debug|x86
		{D3DACFC8-2269-42BE-98D7-4256F4637630}.Release|x86.ActiveCfg = Release|x86
		{D3DACFC8-2269-42BE-98D7-4256F4637630}.Release|x86.Build.0 = Release|x86
		{54C2F9BC-EBD1-4687-99A1-58A3B6F4B4B6}.Debug|x86.ActiveCfg = Debug|x86
		{54C2F9BC-EBD1-4687-99A1-58A3B6F4B4B6}.Debug|x86.Build.0 = Debug|x86
		{54C2F9BC-EBD1-4687-99A1-58A3B6F4B4B6}.Release|x86.ActiveCfg = Release|x86
		{54C2F9BC-EBD1-4687-99A1-58A3B6F4B4B6}.Release|x86.Build.0 = Release|x86
		{63D5B686-D604-4E45-A5BB-5E9B480EFC20}.Debug|x86.ActiveCfg = Debug|x86
		{63D5B686-D604-4E45-A5BB-5E9B480EFC20}.Debug|x86.Build.0 = Debug|x86
		{63D5B686-D604-4E45-A5BB-5E9B480EFC20}.Release|x86.ActiveCfg = Release|x86
		{63D5B686-D604-4E45-A5BB-5E9B480EFC20}.Release|x86.Build.0 = Release|x86
		{210BF236-9A24-42E2-A698-02D84C52ABAE}.Debug|x86.ActiveCfg = Debug|x86
		{210BF236-9A24-42E2-A698-02D84C52ABAE}.Debug|x86.Build.0 = Debug|x86
		{210BF236-9A24-42E2-A698-02D84C52ABAE}.Release|x86.ActiveCfg = Release|x86
		{210BF236-9A24-42E2-A698-02D84C52ABAE}.Release|x86.Build.0 = Release|x86
		{BD1D3022-100E-4BA1-891E-0802B687DE25}.Debug|x86.ActiveCfg = Debug|x86
		{BD1D3022-100E-4BA1-891E-0802B687DE25}.Debug|x86.Build.0 = Debug|x86
		{BD1D3022-100E-4BA1-891E-0802B687DE25}.Release|x86.ActiveCfg = Release|x86
		{BD1D3022-100E-4BA1-891E-0802B687DE25}.Release|x86.Build.0 = Release|x86
		{442043F2-C925-4A8F-8339-84B83689718D}.Debug|x86.ActiveCfg = Debug|x86
		{442043F2-C925-4A8F-8339-84B83689718D}.Debug|x86.Build.0 = Debug|x86
		{442043F2-C925-4A8F-8339-84B83689718D}.Release|x86.ActiveCfg = Release|x86
		{442043F2-C925-4A8F-8339-84B83689718D}.Release|x86.Build.0 = Release|x86
		{ACFA3E93-BA2B-4E1B-AE50-E8361F97E317}.Debug|x86.ActiveCfg = Debug|x86
		{ACFA3E93-BA2B-4E1B-AE50-E8361F97E317}.Debug|x86.Build.0 = Debug|x86
		{ACFA3E93-BA2B-4E1B-AE50-E8361F97E317}.Release|x86.ActiveCfg = Release|x86
		{ACFA3E93-BA2B-4E1B-AE50-E8361F97E317}.Release|x86.Build.0 = Release|x86
		{B0472CD6-9EB6-4A33-814E-2250BF12DAB9}.Debug|x86.ActiveCfg = Debug|x86
		{B0472CD6-9EB6-4A33-814E-2250BF12DAB9}.Debug|x86.Build.0 = Debug|x86
		{B0472CD6-9EB6-4A33-814E-2250BF12DAB9}.Release|x86.ActiveCfg = Release|x86
		{B0472CD6-9EB6-4A33-814E-2250BF12DAB9}.Release|x86.Build.0 = Release|x86
		{C0F9F05C-99C9-41E8-9837-9377B8BC6827}.Debug|x86.ActiveCfg = Debug|x86
		{C0F9F05C-99C9-41E8-9837-9377B8BC6827}.Debug|x86.Build.0 = Debug|x86
		{C0F9F05C-99C9-41E8-9837-9377B8BC6827}.Release|x86.ActiveCfg = Release|x86
		{C0F9F05C-99C9-41E8-9837-9377B8BC6827}.Release|x86.Build.0 = Release|x86
		{15B86117-5117-4F66-A6F0-CDFB2BBC04B2}.Debug|x86.ActiveCfg = Debug|x86
		{15B86117-5117-4F66-A6F0-CDFB2BBC04B2}.Debug|x86.Build.0 = Debug|x86
		{15B86117-5117-4F66-A6F0-CDFB2BBC04B2}.Release|x86.ActiveCfg = Release|x86
		{15B86117-5117-4F66-A6F0-CDFB2BBC04B2}.Release|x86.Build.0 = Release|x86
	EndGlobalSection
	GlobalSection(SolutionProperties) = preSolution
		HideSolutionNode = FALSE
	EndGlobalSection
EndGlobal
